github.com/ARTEM-SLV/format_ v1.1.2 h1:5Bsj85nHsMPNUH5m6T/mtOqB4Xmok9GNu3Dg2V7ydOw=
github.com/ARTEM-SLV/format_ v1.1.2/go.mod h1:35rAxg1CJErNR0N5bV3w2hiSt6RPY+AJI7eZQk3yuS0=
github.com/ARTEM-SLV/format_/v2 v2.1.2 h1:SIFF+m8ViJ32Qhqap5156SS9ZY8bIqKi9xjf5Dp2EXg=
github.com/ARTEM-SLV/format_/v2 v2.1.2/go.mod h1:hEm89d1WIy1Vmoyc2Qu88VKoPU0Wucpma98/Hrk0MIk=
