github.com/ARTEM-SLV/module v1.0.0 h1:N+4ug3Yk5/68vIeZO3ZE7xFRSMzww3JWHySdfHwWEOk=
github.com/ARTEM-SLV/module v1.0.0/go.mod h1:UqzR+zt3XEShatR7BbYRQ7y6VWDR1b9L5gQXsGcSg+4=
github.com/ARTEM-SLV/module/v2 v2.0.0 h1:VuQukrHKbfmiS4e2fbM/XDZrf/1H/Ya1CcWJ4qVfcr4=
github.com/ARTEM-SLV/module/v2 v2.0.0/go.mod h1:3u5GkEG7yz/N0MCRCNqexZbhYkbYlXkNhCF0Dx9e8I0=
